
Microsoft Visual Studio Solution File, Format Version 12.00
# Visual Studio 15
VisualStudioVersion = 15.0.28010.2026
MinimumVisualStudioVersion = 10.0.40219.1
Project("{FAE04EC0-301F-11D3-BF4B-00C04F79EFBC}") = "SampleProject.WebApi", "SampleProject.WebApi.csproj", "{EFF8B778-2614-496D-A58A-06877673D34B}"
EndProject
Global
	GlobalSection(SolutionConfigurationPlatforms) = preSolution
		Debug|Any CPU = Debug|Any CPU
		Release|Any CPU = Release|Any CPU
	EndGlobalSection
	GlobalSection(ProjectConfigurationPlatforms) = postSolution
		{EFF8B778-2614-496D-A58A-06877673D34B}.Debug|Any CPU.ActiveCfg = Debug|Any CPU
		{EFF8B778-2614-496D-A58A-06877673D34B}.Debug|Any CPU.Build.0 = Debug|Any CPU
		{EFF8B778-2614-496D-A58A-06877673D34B}.Release|Any CPU.ActiveCfg = Release|Any CPU
		{EFF8B778-2614-496D-A58A-06877673D34B}.Release|Any CPU.Build.0 = Release|Any CPU
	EndGlobalSection
	GlobalSection(SolutionProperties) = preSolution
		HideSolutionNode = FALSE
	EndGlobalSection
	GlobalSection(ExtensibilityGlobals) = postSolution
		SolutionGuid = {877BABD5-2935-498B-9630-9C82142728AA}
	EndGlobalSection
EndGlobal
